
Microsoft Visual Studio Solution File, Format Version 10.00
# Visual Studio 2008
Project("{FAE04EC0-301F-11D3-BF4B-00C04F79EFBC}") = "AmxMobile.WinMo.SixBookmarks", "AmxMobile.WinMo.SixBookmarks\AmxMobile.WinMo.SixBookmarks.csproj", "{F6982BC7-C970-419B-A98B-63423C27F8C7}"
EndProject
Global
	GlobalSection(SourceCodeControl) = preSolution
		SccNumberOfProjects = 2
		SccLocalPath0 = .
		CanCheckoutShared = false
		SccProjectUniqueName1 = AmxMobile.WinMo.SixBookmarks\\AmxMobile.WinMo.SixBookmarks.csproj
		SccLocalPath1 = .
		CanCheckoutShared = false
		SccProjectFilePathRelativizedFromConnection1 = AmxMobile.WinMo.SixBookmarks\\
	EndGlobalSection
	GlobalSection(SolutionConfigurationPlatforms) = preSolution
		Debug|Any CPU = Debug|Any CPU
		Release|Any CPU = Release|Any CPU
	EndGlobalSection
	GlobalSection(ProjectConfigurationPlatforms) = postSolution
		{F6982BC7-C970-419B-A98B-63423C27F8C7}.Debug|Any CPU.ActiveCfg = Debug|Any CPU
		{F6982BC7-C970-419B-A98B-63423C27F8C7}.Debug|Any CPU.Build.0 = Debug|Any CPU
		{F6982BC7-C970-419B-A98B-63423C27F8C7}.Debug|Any CPU.Deploy.0 = Debug|Any CPU
		{F6982BC7-C970-419B-A98B-63423C27F8C7}.Release|Any CPU.ActiveCfg = Release|Any CPU
		{F6982BC7-C970-419B-A98B-63423C27F8C7}.Release|Any CPU.Build.0 = Release|Any CPU
		{F6982BC7-C970-419B-A98B-63423C27F8C7}.Release|Any CPU.Deploy.0 = Release|Any CPU
	EndGlobalSection
	GlobalSection(SolutionProperties) = preSolution
		HideSolutionNode = FALSE
	EndGlobalSection
EndGlobal
